
Microsoft Visual Studio Solution File, Format Version 12.00
# Visual Studio 15
VisualStudioVersion = 15.0.28307.329
MinimumVisualStudioVersion = 10.0.40219.1
Project("{FAE04EC0-301F-11D3-BF4B-00C04F79EFBC}") = "TermProject", "TermProject\TermProject.csproj", "{BFDFEE5F-8935-4CE7-9CEB-65EC9A277F4E}"
EndProject
Project("{FAE04EC0-301F-11D3-BF4B-00C04F79EFBC}") = "TermProjectWS", "TermProjectWS\TermProjectWS.csproj", "{0CA1E21E-C6DD-4E58-A92A-BADF46B44F91}"
EndProject
Project("{FAE04EC0-301F-11D3-BF4B-00C04F79EFBC}") = "Utilities", "Utilities\Utilities.csproj", "{E526209C-AB5B-4347-B0C6-EDC295AB7671}"
EndProject
Project("{FAE04EC0-301F-11D3-BF4B-00C04F79EFBC}") = "ClassLibrary", "ClassLibrary\ClassLibrary.csproj", "{DD811629-776E-4226-A26E-209E07CEDBC7}"
EndProject
Global
	GlobalSection(SolutionConfigurationPlatforms) = preSolution
		Debug|Any CPU = Debug|Any CPU
		Release|Any CPU = Release|Any CPU
	EndGlobalSection
	GlobalSection(ProjectConfigurationPlatforms) = postSolution
		{BFDFEE5F-8935-4CE7-9CEB-65EC9A277F4E}.Debug|Any CPU.ActiveCfg = Debug|Any CPU
		{BFDFEE5F-8935-4CE7-9CEB-65EC9A277F4E}.Debug|Any CPU.Build.0 = Debug|Any CPU
		{BFDFEE5F-8935-4CE7-9CEB-65EC9A277F4E}.Release|Any CPU.ActiveCfg = Release|Any CPU
		{BFDFEE5F-8935-4CE7-9CEB-65EC9A277F4E}.Release|Any CPU.Build.0 = Release|Any CPU
		{0CA1E21E-C6DD-4E58-A92A-BADF46B44F91}.Debug|Any CPU.ActiveCfg = Debug|Any CPU
		{0CA1E21E-C6DD-4E58-A92A-BADF46B44F91}.Debug|Any CPU.Build.0 = Debug|Any CPU
		{0CA1E21E-C6DD-4E58-A92A-BADF46B44F91}.Release|Any CPU.ActiveCfg = Release|Any CPU
		{0CA1E21E-C6DD-4E58-A92A-BADF46B44F91}.Release|Any CPU.Build.0 = Release|Any CPU
		{E526209C-AB5B-4347-B0C6-EDC295AB7671}.Debug|Any CPU.ActiveCfg = Debug|Any CPU
		{E526209C-AB5B-4347-B0C6-EDC295AB7671}.Debug|Any CPU.Build.0 = Debug|Any CPU
		{E526209C-AB5B-4347-B0C6-EDC295AB7671}.Release|Any CPU.ActiveCfg = Release|Any CPU
		{E526209C-AB5B-4347-B0C6-EDC295AB7671}.Release|Any CPU.Build.0 = Release|Any CPU
		{DD811629-776E-4226-A26E-209E07CEDBC7}.Debug|Any CPU.ActiveCfg = Debug|Any CPU
		{DD811629-776E-4226-A26E-209E07CEDBC7}.Debug|Any CPU.Build.0 = Debug|Any CPU
		{DD811629-776E-4226-A26E-209E07CEDBC7}.Release|Any CPU.ActiveCfg = Release|Any CPU
		{DD811629-776E-4226-A26E-209E07CEDBC7}.Release|Any CPU.Build.0 = Release|Any CPU
	EndGlobalSection
	GlobalSection(SolutionProperties) = preSolution
		HideSolutionNode = FALSE
	EndGlobalSection
	GlobalSection(ExtensibilityGlobals) = postSolution
		SolutionGuid = {985E04DA-EA76-42F4-9813-04308D1951A6}
	EndGlobalSection
EndGlobal
